
Microsoft Visual Studio Solution File, Format Version 12.00
# Visual Studio Version 17
VisualStudioVersion = 17.1.32228.430
MinimumVisualStudioVersion = 10.0.40219.1
Project("{9A19103F-16F7-4668-BE54-9A1E7A4F7556}") = "Kata.Tests", "Kata.Tests.csproj", "{B17F70BA-9905-4009-AC98-5F1DEE038723}"
EndProject
Project("{FAE04EC0-301F-11D3-BF4B-00C04F79EFBC}") = "Kata.BusinessLogic", "..\ClassLibrary1\Kata.BusinessLogic.csproj", "{1372FA58-F640-466E-9F6D-5D88EC06B10A}"
EndProject
Project("{FAE04EC0-301F-11D3-BF4B-00C04F79EFBC}") = "Kata.Client", "..\Kata.Client\Kata.Client.csproj", "{3CFBE8B3-88B2-41F8-A91E-01F8801481C6}"
EndProject
Global
	GlobalSection(SolutionConfigurationPlatforms) = preSolution
		Debug|Any CPU = Debug|Any CPU
		Release|Any CPU = Release|Any CPU
	EndGlobalSection
	GlobalSection(ProjectConfigurationPlatforms) = postSolution
		{B17F70BA-9905-4009-AC98-5F1DEE038723}.Debug|Any CPU.ActiveCfg = Debug|Any CPU
		{B17F70BA-9905-4009-AC98-5F1DEE038723}.Debug|Any CPU.Build.0 = Debug|Any CPU
		{B17F70BA-9905-4009-AC98-5F1DEE038723}.Release|Any CPU.ActiveCfg = Release|Any CPU
		{B17F70BA-9905-4009-AC98-5F1DEE038723}.Release|Any CPU.Build.0 = Release|Any CPU
		{1372FA58-F640-466E-9F6D-5D88EC06B10A}.Debug|Any CPU.ActiveCfg = Debug|Any CPU
		{1372FA58-F640-466E-9F6D-5D88EC06B10A}.Debug|Any CPU.Build.0 = Debug|Any CPU
		{1372FA58-F640-466E-9F6D-5D88EC06B10A}.Release|Any CPU.ActiveCfg = Release|Any CPU
		{1372FA58-F640-466E-9F6D-5D88EC06B10A}.Release|Any CPU.Build.0 = Release|Any CPU
		{3CFBE8B3-88B2-41F8-A91E-01F8801481C6}.Debug|Any CPU.ActiveCfg = Debug|Any CPU
		{3CFBE8B3-88B2-41F8-A91E-01F8801481C6}.Debug|Any CPU.Build.0 = Debug|Any CPU
		{3CFBE8B3-88B2-41F8-A91E-01F8801481C6}.Release|Any CPU.ActiveCfg = Release|Any CPU
		{3CFBE8B3-88B2-41F8-A91E-01F8801481C6}.Release|Any CPU.Build.0 = Release|Any CPU
	EndGlobalSection
	GlobalSection(SolutionProperties) = preSolution
		HideSolutionNode = FALSE
	EndGlobalSection
	GlobalSection(ExtensibilityGlobals) = postSolution
		SolutionGuid = {4437EEF9-BC88-4DE4-89CA-9C9F6C774654}
	EndGlobalSection
EndGlobal
